
Microsoft Visual Studio Solution File, Format Version 12.00
# Visual Studio Version 17
VisualStudioVersion = 17.1.32210.238
MinimumVisualStudioVersion = 10.0.40219.1
Project("{F184B08F-C81C-45F6-A57F-5ABD9991F28F}") = "6april22", "6april22\6april22.vbproj", "{E84F2FA2-9199-4784-BE24-147668A16E31}"
EndProject
Global
	GlobalSection(SolutionConfigurationPlatforms) = preSolution
		Debug|Any CPU = Debug|Any CPU
		Release|Any CPU = Release|Any CPU
	EndGlobalSection
	GlobalSection(ProjectConfigurationPlatforms) = postSolution
		{E84F2FA2-9199-4784-BE24-147668A16E31}.Debug|Any CPU.ActiveCfg = Debug|Any CPU
		{E84F2FA2-9199-4784-BE24-147668A16E31}.Debug|Any CPU.Build.0 = Debug|Any CPU
		{E84F2FA2-9199-4784-BE24-147668A16E31}.Release|Any CPU.ActiveCfg = Release|Any CPU
		{E84F2FA2-9199-4784-BE24-147668A16E31}.Release|Any CPU.Build.0 = Release|Any CPU
	EndGlobalSection
	GlobalSection(SolutionProperties) = preSolution
		HideSolutionNode = FALSE
	EndGlobalSection
	GlobalSection(ExtensibilityGlobals) = postSolution
		SolutionGuid = {A2D6B349-4995-4C24-B47F-8F5831E1E57E}
	EndGlobalSection
EndGlobal
